
Microsoft Visual Studio Solution File, Format Version 12.00
# Visual Studio Version 17
VisualStudioVersion = 17.4.33205.214
MinimumVisualStudioVersion = 10.0.40219.1
Project("{FAE04EC0-301F-11D3-BF4B-00C04F79EFBC}") = "LibraryManagementSystemAPI", "LibraryManagementSystemAPI\LibraryManagementSystemAPI.csproj", "{CE8EE9CC-3270-4792-BE5A-AB7B7E1B3664}"
EndProject
Global
	GlobalSection(SolutionConfigurationPlatforms) = preSolution
		Debug|Any CPU = Debug|Any CPU
		Release|Any CPU = Release|Any CPU
	EndGlobalSection
	GlobalSection(ProjectConfigurationPlatforms) = postSolution
		{CE8EE9CC-3270-4792-BE5A-AB7B7E1B3664}.Debug|Any CPU.ActiveCfg = Debug|Any CPU
		{CE8EE9CC-3270-4792-BE5A-AB7B7E1B3664}.Debug|Any CPU.Build.0 = Debug|Any CPU
		{CE8EE9CC-3270-4792-BE5A-AB7B7E1B3664}.Release|Any CPU.ActiveCfg = Release|Any CPU
		{CE8EE9CC-3270-4792-BE5A-AB7B7E1B3664}.Release|Any CPU.Build.0 = Release|Any CPU
	EndGlobalSection
	GlobalSection(SolutionProperties) = preSolution
		HideSolutionNode = FALSE
	EndGlobalSection
	GlobalSection(ExtensibilityGlobals) = postSolution
		SolutionGuid = {32E91088-94D8-4519-890D-B24878B33277}
	EndGlobalSection
EndGlobal
